
Microsoft Visual Studio Solution File, Format Version 12.00
# Visual Studio Version 16
VisualStudioVersion = 16.0.31321.278
MinimumVisualStudioVersion = 10.0.40219.1
Project("{FAE04EC0-301F-11D3-BF4B-00C04F79EFBC}") = "Tuan1", "Tuan1\Tuan1.csproj", "{99CB8631-6B30-4925-8C94-1A7C18CB581D}"
EndProject
Global
	GlobalSection(SolutionConfigurationPlatforms) = preSolution
		Debug|Any CPU = Debug|Any CPU
		Release|Any CPU = Release|Any CPU
	EndGlobalSection
	GlobalSection(ProjectConfigurationPlatforms) = postSolution
		{99CB8631-6B30-4925-8C94-1A7C18CB581D}.Debug|Any CPU.ActiveCfg = Debug|Any CPU
		{99CB8631-6B30-4925-8C94-1A7C18CB581D}.Debug|Any CPU.Build.0 = Debug|Any CPU
		{99CB8631-6B30-4925-8C94-1A7C18CB581D}.Release|Any CPU.ActiveCfg = Release|Any CPU
		{99CB8631-6B30-4925-8C94-1A7C18CB581D}.Release|Any CPU.Build.0 = Release|Any CPU
	EndGlobalSection
	GlobalSection(SolutionProperties) = preSolution
		HideSolutionNode = FALSE
	EndGlobalSection
	GlobalSection(ExtensibilityGlobals) = postSolution
		SolutionGuid = {DCB46A36-E72A-4195-B67A-9236B0DB9B35}
	EndGlobalSection
EndGlobal
